
Microsoft Visual Studio Solution File, Format Version 12.00
# Visual Studio Version 16
VisualStudioVersion = 16.0.30709.132
MinimumVisualStudioVersion = 10.0.40219.1
Project("{FAE04EC0-301F-11D3-BF4B-00C04F79EFBC}") = "XO.Android", "XO\XO.Android\XO.Android.csproj", "{96089652-4DBC-4C1E-881F-7DE2ADAD694F}"
EndProject
Project("{FAE04EC0-301F-11D3-BF4B-00C04F79EFBC}") = "XO.iOS", "XO\XO.iOS\XO.iOS.csproj", "{98A63CC2-9262-4E4E-8DB1-6DB38BE5B653}"
EndProject
Project("{FAE04EC0-301F-11D3-BF4B-00C04F79EFBC}") = "XO", "XO\XO\XO.csproj", "{487D4A6F-3BBC-49EE-A515-2AC5BAD6D840}"
EndProject
Global
	GlobalSection(SolutionConfigurationPlatforms) = preSolution
		Debug|Any CPU = Debug|Any CPU
		Debug|iPhone = Debug|iPhone
		Debug|iPhoneSimulator = Debug|iPhoneSimulator
		Release|Any CPU = Release|Any CPU
		Release|iPhone = Release|iPhone
		Release|iPhoneSimulator = Release|iPhoneSimulator
	EndGlobalSection
	GlobalSection(ProjectConfigurationPlatforms) = postSolution
		{96089652-4DBC-4C1E-881F-7DE2ADAD694F}.Debug|Any CPU.ActiveCfg = Debug|Any CPU
		{96089652-4DBC-4C1E-881F-7DE2ADAD694F}.Debug|Any CPU.Build.0 = Debug|Any CPU
		{96089652-4DBC-4C1E-881F-7DE2ADAD694F}.Debug|Any CPU.Deploy.0 = Debug|Any CPU
		{96089652-4DBC-4C1E-881F-7DE2ADAD694F}.Debug|iPhone.ActiveCfg = Debug|Any CPU
		{96089652-4DBC-4C1E-881F-7DE2ADAD694F}.Debug|iPhone.Build.0 = Debug|Any CPU
		{96089652-4DBC-4C1E-881F-7DE2ADAD694F}.Debug|iPhone.Deploy.0 = Debug|Any CPU
		{96089652-4DBC-4C1E-881F-7DE2ADAD694F}.Debug|iPhoneSimulator.ActiveCfg = Debug|Any CPU
		{96089652-4DBC-4C1E-881F-7DE2ADAD694F}.Debug|iPhoneSimulator.Build.0 = Debug|Any CPU
		{96089652-4DBC-4C1E-881F-7DE2ADAD694F}.Debug|iPhoneSimulator.Deploy.0 = Debug|Any CPU
		{96089652-4DBC-4C1E-881F-7DE2ADAD694F}.Release|Any CPU.ActiveCfg = Release|Any CPU
		{96089652-4DBC-4C1E-881F-7DE2ADAD694F}.Release|Any CPU.Build.0 = Release|Any CPU
		{96089652-4DBC-4C1E-881F-7DE2ADAD694F}.Release|Any CPU.Deploy.0 = Release|Any CPU
		{96089652-4DBC-4C1E-881F-7DE2ADAD694F}.Release|iPhone.ActiveCfg = Release|Any CPU
		{96089652-4DBC-4C1E-881F-7DE2ADAD694F}.Release|iPhone.Build.0 = Release|Any CPU
		{96089652-4DBC-4C1E-881F-7DE2ADAD694F}.Release|iPhone.Deploy.0 = Release|Any CPU
		{96089652-4DBC-4C1E-881F-7DE2ADAD694F}.Release|iPhoneSimulator.ActiveCfg = Release|Any CPU
		{96089652-4DBC-4C1E-881F-7DE2ADAD694F}.Release|iPhoneSimulator.Build.0 = Release|Any CPU
		{96089652-4DBC-4C1E-881F-7DE2ADAD694F}.Release|iPhoneSimulator.Deploy.0 = Release|Any CPU
		{98A63CC2-9262-4E4E-8DB1-6DB38BE5B653}.Debug|Any CPU.ActiveCfg = Debug|iPhone
		{98A63CC2-9262-4E4E-8DB1-6DB38BE5B653}.Debug|Any CPU.Build.0 = Debug|iPhone
		{98A63CC2-9262-4E4E-8DB1-6DB38BE5B653}.Debug|Any CPU.Deploy.0 = Debug|iPhone
		{98A63CC2-9262-4E4E-8DB1-6DB38BE5B653}.Debug|iPhone.ActiveCfg = Debug|iPhone
		{98A63CC2-9262-4E4E-8DB1-6DB38BE5B653}.Debug|iPhone.Build.0 = Debug|iPhone
		{98A63CC2-9262-4E4E-8DB1-6DB38BE5B653}.Debug|iPhone.Deploy.0 = Debug|iPhone
		{98A63CC2-9262-4E4E-8DB1-6DB38BE5B653}.Debug|iPhoneSimulator.ActiveCfg = Debug|iPhoneSimulator
		{98A63CC2-9262-4E4E-8DB1-6DB38BE5B653}.Debug|iPhoneSimulator.Build.0 = Debug|iPhoneSimulator
		{98A63CC2-9262-4E4E-8DB1-6DB38BE5B653}.Debug|iPhoneSimulator.Deploy.0 = Debug|iPhoneSimulator
		{98A63CC2-9262-4E4E-8DB1-6DB38BE5B653}.Release|Any CPU.ActiveCfg = Release|iPhoneSimulator
		{98A63CC2-9262-4E4E-8DB1-6DB38BE5B653}.Release|Any CPU.Build.0 = Release|iPhoneSimulator
		{98A63CC2-9262-4E4E-8DB1-6DB38BE5B653}.Release|Any CPU.Deploy.0 = Release|iPhoneSimulator
		{98A63CC2-9262-4E4E-8DB1-6DB38BE5B653}.Release|iPhone.ActiveCfg = Release|iPhone
		{98A63CC2-9262-4E4E-8DB1-6DB38BE5B653}.Release|iPhone.Build.0 = Release|iPhone
		{98A63CC2-9262-4E4E-8DB1-6DB38BE5B653}.Release|iPhone.Deploy.0 = Release|iPhone
		{98A63CC2-9262-4E4E-8DB1-6DB38BE5B653}.Release|iPhoneSimulator.ActiveCfg = Release|iPhoneSimulator
		{98A63CC2-9262-4E4E-8DB1-6DB38BE5B653}.Release|iPhoneSimulator.Build.0 = Release|iPhoneSimulator
		{98A63CC2-9262-4E4E-8DB1-6DB38BE5B653}.Release|iPhoneSimulator.Deploy.0 = Release|iPhoneSimulator
		{487D4A6F-3BBC-49EE-A515-2AC5BAD6D840}.Debug|Any CPU.ActiveCfg = Debug|Any CPU
		{487D4A6F-3BBC-49EE-A515-2AC5BAD6D840}.Debug|Any CPU.Build.0 = Debug|Any CPU
		{487D4A6F-3BBC-49EE-A515-2AC5BAD6D840}.Debug|Any CPU.Deploy.0 = Debug|Any CPU
		{487D4A6F-3BBC-49EE-A515-2AC5BAD6D840}.Debug|iPhone.ActiveCfg = Debug|Any CPU
		{487D4A6F-3BBC-49EE-A515-2AC5BAD6D840}.Debug|iPhone.Build.0 = Debug|Any CPU
		{487D4A6F-3BBC-49EE-A515-2AC5BAD6D840}.Debug|iPhone.Deploy.0 = Debug|Any CPU
		{487D4A6F-3BBC-49EE-A515-2AC5BAD6D840}.Debug|iPhoneSimulator.ActiveCfg = Debug|Any CPU
		{487D4A6F-3BBC-49EE-A515-2AC5BAD6D840}.Debug|iPhoneSimulator.Build.0 = Debug|Any CPU
		{487D4A6F-3BBC-49EE-A515-2AC5BAD6D840}.Debug|iPhoneSimulator.Deploy.0 = Debug|Any CPU
		{487D4A6F-3BBC-49EE-A515-2AC5BAD6D840}.Release|Any CPU.ActiveCfg = Release|Any CPU
		{487D4A6F-3BBC-49EE-A515-2AC5BAD6D840}.Release|Any CPU.Build.0 = Release|Any CPU
		{487D4A6F-3BBC-49EE-A515-2AC5BAD6D840}.Release|Any CPU.Deploy.0 = Release|Any CPU
		{487D4A6F-3BBC-49EE-A515-2AC5BAD6D840}.Release|iPhone.ActiveCfg = Release|Any CPU
		{487D4A6F-3BBC-49EE-A515-2AC5BAD6D840}.Release|iPhone.Build.0 = Release|Any CPU
		{487D4A6F-3BBC-49EE-A515-2AC5BAD6D840}.Release|iPhone.Deploy.0 = Release|Any CPU
		{487D4A6F-3BBC-49EE-A515-2AC5BAD6D840}.Release|iPhoneSimulator.ActiveCfg = Release|Any CPU
		{487D4A6F-3BBC-49EE-A515-2AC5BAD6D840}.Release|iPhoneSimulator.Build.0 = Release|Any CPU
		{487D4A6F-3BBC-49EE-A515-2AC5BAD6D840}.Release|iPhoneSimulator.Deploy.0 = Release|Any CPU
	EndGlobalSection
	GlobalSection(SolutionProperties) = preSolution
		HideSolutionNode = FALSE
	EndGlobalSection
	GlobalSection(ExtensibilityGlobals) = postSolution
		SolutionGuid = {DA6EF485-802D-4389-B6DE-1065390DCBB9}
	EndGlobalSection
EndGlobal
